
Microsoft Visual Studio Solution File, Format Version 12.00
# Visual Studio Version 16
VisualStudioVersion = 16.0.31829.152
MinimumVisualStudioVersion = 10.0.40219.1
Project("{FAE04EC0-301F-11D3-BF4B-00C04F79EFBC}") = "WpfApp1", "WpfApp1\WpfApp1.csproj", "{C859EC01-96C0-4339-8583-B03F03DB94C9}"
EndProject
Global
	GlobalSection(SolutionConfigurationPlatforms) = preSolution
		Debug|Any CPU = Debug|Any CPU
		Release|Any CPU = Release|Any CPU
	EndGlobalSection
	GlobalSection(ProjectConfigurationPlatforms) = postSolution
		{C859EC01-96C0-4339-8583-B03F03DB94C9}.Debug|Any CPU.ActiveCfg = Debug|Any CPU
		{C859EC01-96C0-4339-8583-B03F03DB94C9}.Debug|Any CPU.Build.0 = Debug|Any CPU
		{C859EC01-96C0-4339-8583-B03F03DB94C9}.Release|Any CPU.ActiveCfg = Release|Any CPU
		{C859EC01-96C0-4339-8583-B03F03DB94C9}.Release|Any CPU.Build.0 = Release|Any CPU
	EndGlobalSection
	GlobalSection(SolutionProperties) = preSolution
		HideSolutionNode = FALSE
	EndGlobalSection
	GlobalSection(ExtensibilityGlobals) = postSolution
		SolutionGuid = {0B2675D3-2FC9-4265-87EF-891C33F3179A}
	EndGlobalSection
EndGlobal
